
Microsoft Visual Studio Solution File, Format Version 12.00
# Visual Studio 14
VisualStudioVersion = 14.0.25420.1
MinimumVisualStudioVersion = 10.0.40219.1
Project("{FAE04EC0-301F-11D3-BF4B-00C04F79EFBC}") = "Viking.Api", "Viking.Api\Viking.Api.csproj", "{9B439776-7B9E-4E1A-922A-6EAC2D3A41C8}"
EndProject
Project("{FAE04EC0-301F-11D3-BF4B-00C04F79EFBC}") = "Viking.Data", "Viking.Data\Viking.Data.csproj", "{4652662E-29CC-45FD-9BFB-EE9CB9092946}"
EndProject
Global
	GlobalSection(SolutionConfigurationPlatforms) = preSolution
		Debug|Any CPU = Debug|Any CPU
		Release|Any CPU = Release|Any CPU
	EndGlobalSection
	GlobalSection(ProjectConfigurationPlatforms) = postSolution
		{9B439776-7B9E-4E1A-922A-6EAC2D3A41C8}.Debug|Any CPU.ActiveCfg = Debug|Any CPU
		{9B439776-7B9E-4E1A-922A-6EAC2D3A41C8}.Debug|Any CPU.Build.0 = Debug|Any CPU
		{9B439776-7B9E-4E1A-922A-6EAC2D3A41C8}.Release|Any CPU.ActiveCfg = Release|Any CPU
		{9B439776-7B9E-4E1A-922A-6EAC2D3A41C8}.Release|Any CPU.Build.0 = Release|Any CPU
		{4652662E-29CC-45FD-9BFB-EE9CB9092946}.Debug|Any CPU.ActiveCfg = Debug|Any CPU
		{4652662E-29CC-45FD-9BFB-EE9CB9092946}.Debug|Any CPU.Build.0 = Debug|Any CPU
		{4652662E-29CC-45FD-9BFB-EE9CB9092946}.Release|Any CPU.ActiveCfg = Release|Any CPU
		{4652662E-29CC-45FD-9BFB-EE9CB9092946}.Release|Any CPU.Build.0 = Release|Any CPU
	EndGlobalSection
	GlobalSection(SolutionProperties) = preSolution
		HideSolutionNode = FALSE
	EndGlobalSection
EndGlobal
